{
  "name": "miniprogram-3",
  "lockfileVersion": 3,
  "requires": true,
  "packages": {
    "": {
      "dependencies": {
        "lunar-calendar": "^0.1.4"
      }
    },
    "node_modules/lunar-calendar": {
      "version": "0.1.4",
      "resolved": "https://registry.npmjs.org/lunar-calendar/-/lunar-calendar-0.1.4.tgz",
      "integrity": "sha512-5r87vbg5yg56z/jkf3A+Ur+ZggUTiJw1VATT9P7RELQgWcTNhfJ+OLkNYroSna6r65bMqyaAgapo9vRN40L75A==",
      "engines": {
        "node": "*"
      }
    }
  }
}
